
Microsoft Visual Studio Solution File, Format Version 12.00
# Visual Studio Version 17
VisualStudioVersion = 17.5.002.0
MinimumVisualStudioVersion = 10.0.40219.1
Project("{9A19103F-16F7-4668-BE54-9A1E7A4F7556}") = "factory_method_pattern", "factory_method_pattern.csproj", "{D1E72374-4529-4373-88A2-A47915455DF5}"
EndProject
Global
	GlobalSection(SolutionConfigurationPlatforms) = preSolution
		Debug|Any CPU = Debug|Any CPU
		Release|Any CPU = Release|Any CPU
	EndGlobalSection
	GlobalSection(ProjectConfigurationPlatforms) = postSolution
		{D1E72374-4529-4373-88A2-A47915455DF5}.Debug|Any CPU.ActiveCfg = Debug|Any CPU
		{D1E72374-4529-4373-88A2-A47915455DF5}.Debug|Any CPU.Build.0 = Debug|Any CPU
		{D1E72374-4529-4373-88A2-A47915455DF5}.Release|Any CPU.ActiveCfg = Release|Any CPU
		{D1E72374-4529-4373-88A2-A47915455DF5}.Release|Any CPU.Build.0 = Release|Any CPU
	EndGlobalSection
	GlobalSection(SolutionProperties) = preSolution
		HideSolutionNode = FALSE
	EndGlobalSection
	GlobalSection(ExtensibilityGlobals) = postSolution
		SolutionGuid = {C10E828A-5D00-4AB4-94D1-EA49D0B76200}
	EndGlobalSection
EndGlobal
